
Microsoft Visual Studio Solution File, Format Version 12.00
# Visual Studio Version 17
VisualStudioVersion = 17.7.34031.279
MinimumVisualStudioVersion = 10.0.40219.1
Project("{FAE04EC0-301F-11D3-BF4B-00C04F79EFBC}") = "SalesWebMvc", "SalesWebMvc\SalesWebMvc.csproj", "{43FA38F7-E917-42D8-903D-EE69792F8269}"
EndProject
Global
	GlobalSection(SolutionConfigurationPlatforms) = preSolution
		Debug|Any CPU = Debug|Any CPU
		Release|Any CPU = Release|Any CPU
	EndGlobalSection
	GlobalSection(ProjectConfigurationPlatforms) = postSolution
		{43FA38F7-E917-42D8-903D-EE69792F8269}.Debug|Any CPU.ActiveCfg = Debug|Any CPU
		{43FA38F7-E917-42D8-903D-EE69792F8269}.Debug|Any CPU.Build.0 = Debug|Any CPU
		{43FA38F7-E917-42D8-903D-EE69792F8269}.Release|Any CPU.ActiveCfg = Release|Any CPU
		{43FA38F7-E917-42D8-903D-EE69792F8269}.Release|Any CPU.Build.0 = Release|Any CPU
	EndGlobalSection
	GlobalSection(SolutionProperties) = preSolution
		HideSolutionNode = FALSE
	EndGlobalSection
	GlobalSection(ExtensibilityGlobals) = postSolution
		SolutionGuid = {9E37CE54-C7C2-4B1D-892C-4243B9F38C3C}
	EndGlobalSection
EndGlobal
